<?xml version="1.0" encoding="utf-8"?>
<Project ToolsVersion="4.0" xmlns="http://schemas.microsoft.com/developer/msbuild/2003">
  <ItemGroup>
    <Filter Include="Source Files">
      <UniqueIdentifier>{20f7f11a-03c7-46a0-a133-7a84a9a8dfe7}</UniqueIdentifier>
      <Extensions>cpp;c;cxx;rc;def;r;odl;idl;hpj;bat</Extensions>
    </Filter>
    <Filter Include="Header Files">
      <UniqueIdentifier>{f4e0ae31-b0cc-4fee-823f-78e76de7d288}</UniqueIdentifier>
      <Extensions>h;hpp;hxx;hm;inl</Extensions>
    </Filter>
    <Filter Include="Resource Files">
      <UniqueIdentifier>{c13463f1-f879-47e2-af13-acf3668a66c6}</UniqueIdentifier>
      <Extensions>ico;cur;bmp;dlg;rc2;rct;bin;rgs;gif;jpg;jpeg;jpe</Extensions>
    </Filter>
  </ItemGroup>
  <ItemGroup>
    <ClCompile Include="Mine.cpp">
      <Filter>Source Files</Filter>
    </ClCompile>
    <ClCompile Include="MineWnd.cpp">
      <Filter>Source Files</Filter>
    </ClCompile>
    <ClCompile Include="HeroDlg.cpp">
      <Filter>Source Files</Filter>
    </ClCompile>
    <ClCompile Include="CustomDlg.cpp">
      <Filter>Source Files</Filter>
    </ClCompile>
    <ClCompile Include="NewRecordDlg.cpp">
      <Filter>Source Files</Filter>
    </ClCompile>
    <ClCompile Include="BlockArea.cpp">
      <Filter>Source Files</Filter>
    </ClCompile>
    <ClCompile Include="HelpDlg.cpp">
      <Filter>Source Files</Filter>
    </ClCompile>
    <ClCompile Include="CfgMgr.cpp">
      <Filter>Source Files</Filter>
    </ClCompile>
    <ClCompile Include="StdAfx.cpp">
      <Filter>Source Files</Filter>
    </ClCompile>
  </ItemGroup>
  <ItemGroup>
    <ResourceCompile Include="Mine.rc">
      <Filter>Source Files</Filter>
    </ResourceCompile>
  </ItemGroup>
  <ItemGroup>
    <ClInclude Include="Mine.h">
      <Filter>Header Files</Filter>
    </ClInclude>
    <ClInclude Include="MineWnd.h">
      <Filter>Header Files</Filter>
    </ClInclude>
    <ClInclude Include="Resource.h">
      <Filter>Header Files</Filter>
    </ClInclude>
    <ClInclude Include="CustomDlg.h">
      <Filter>Header Files</Filter>
    </ClInclude>
    <ClInclude Include="HeroDlg.h">
      <Filter>Header Files</Filter>
    </ClInclude>
    <ClInclude Include="NewRecordDlg.h">
      <Filter>Header Files</Filter>
    </ClInclude>
    <ClInclude Include="Def.h">
      <Filter>Header Files</Filter>
    </ClInclude>
    <ClInclude Include="BlockArea.h">
      <Filter>Header Files</Filter>
    </ClInclude>
    <ClInclude Include="HelpDlg.h">
      <Filter>Header Files</Filter>
    </ClInclude>
    <ClInclude Include="CfgMgr.h">
      <Filter>Header Files</Filter>
    </ClInclude>
    <ClInclude Include="StdAfx.h">
      <Filter>Header Files</Filter>
    </ClInclude>
  </ItemGroup>
  <ItemGroup>
    <CustomBuild Include="res\BITMAP10.BMP">
      <Filter>Resource Files</Filter>
    </CustomBuild>
    <CustomBuild Include="res\BITMAP11.BMP">
      <Filter>Resource Files</Filter>
    </CustomBuild>
    <CustomBuild Include="res\BITMAP20.BMP">
      <Filter>Resource Files</Filter>
    </CustomBuild>
    <CustomBuild Include="res\BITMAP21.BMP">
      <Filter>Resource Files</Filter>
    </CustomBuild>
    <CustomBuild Include="res\BITMAP30.BMP">
      <Filter>Resource Files</Filter>
    </CustomBuild>
    <CustomBuild Include="res\BITMAP31.BMP">
      <Filter>Resource Files</Filter>
    </CustomBuild>
    <CustomBuild Include="res\Mine.ico">
      <Filter>Resource Files</Filter>
    </CustomBuild>
    <CustomBuild Include="res\Mine.rc2">
      <Filter>Resource Files</Filter>
    </CustomBuild>
  </ItemGroup>
  <ItemGroup>
    <Media Include="res\dead.wav" />
    <Media Include="res\clock.wav" />
    <Media Include="res\victory.wav" />
  </ItemGroup>
</Project>